
Microsoft Visual Studio Solution File, Format Version 12.00
# Visual Studio Version 17
VisualStudioVersion = 17.13.35825.156 d17.13
MinimumVisualStudioVersion = 10.0.40219.1
Project("{FAE04EC0-301F-11D3-BF4B-00C04F79EFBC}") = "UI", "UI\UI.csproj", "{A595A5BE-CAD8-43E0-BF81-0C8B410F763F}"
EndProject
Project("{FAE04EC0-301F-11D3-BF4B-00C04F79EFBC}") = "Domain", "Domain\Domain.csproj", "{8A447980-6AFF-4825-8C64-2A13E4FA31D2}"
EndProject
Project("{FAE04EC0-301F-11D3-BF4B-00C04F79EFBC}") = "Application", "Application\Application.csproj", "{295B236A-D011-4F4E-90FA-38B43DCF8684}"
EndProject
Project("{FAE04EC0-301F-11D3-BF4B-00C04F79EFBC}") = "Infrastructure", "Infrastructure\Infrastructure.csproj", "{78A86A62-9079-4C43-8B96-847482D0733D}"
EndProject
Project("{2150E333-8FDC-42A3-9474-1A3956D46DE8}") = "Solution Items", "Solution Items", "{6ED726FE-143B-4EF2-81A7-5B433FB402CF}"
	ProjectSection(SolutionItems) = preProject
		CreateDbAndTables.sql = CreateDbAndTables.sql
		ProcedureAssignCourierToDelivery.sql = ProcedureAssignCourierToDelivery.sql
		InitData.sql = InitData.sql
		FunctionGetUserFullName.sql = FunctionGetUserFullName.sql
		FunctionGetDeliveriesByCourier.sql = FunctionGetDeliveriesByCourier.sql
		Triggers.sql = Triggers.sql
	EndProjectSection
EndProject
Global
	GlobalSection(SolutionConfigurationPlatforms) = preSolution
		Debug|Any CPU = Debug|Any CPU
		Release|Any CPU = Release|Any CPU
	EndGlobalSection
	GlobalSection(ProjectConfigurationPlatforms) = postSolution
		{A595A5BE-CAD8-43E0-BF81-0C8B410F763F}.Debug|Any CPU.ActiveCfg = Debug|Any CPU
		{A595A5BE-CAD8-43E0-BF81-0C8B410F763F}.Debug|Any CPU.Build.0 = Debug|Any CPU
		{A595A5BE-CAD8-43E0-BF81-0C8B410F763F}.Release|Any CPU.ActiveCfg = Release|Any CPU
		{A595A5BE-CAD8-43E0-BF81-0C8B410F763F}.Release|Any CPU.Build.0 = Release|Any CPU
		{8A447980-6AFF-4825-8C64-2A13E4FA31D2}.Debug|Any CPU.ActiveCfg = Debug|Any CPU
		{8A447980-6AFF-4825-8C64-2A13E4FA31D2}.Debug|Any CPU.Build.0 = Debug|Any CPU
		{8A447980-6AFF-4825-8C64-2A13E4FA31D2}.Release|Any CPU.ActiveCfg = Release|Any CPU
		{8A447980-6AFF-4825-8C64-2A13E4FA31D2}.Release|Any CPU.Build.0 = Release|Any CPU
		{295B236A-D011-4F4E-90FA-38B43DCF8684}.Debug|Any CPU.ActiveCfg = Debug|Any CPU
		{295B236A-D011-4F4E-90FA-38B43DCF8684}.Debug|Any CPU.Build.0 = Debug|Any CPU
		{295B236A-D011-4F4E-90FA-38B43DCF8684}.Release|Any CPU.ActiveCfg = Release|Any CPU
		{295B236A-D011-4F4E-90FA-38B43DCF8684}.Release|Any CPU.Build.0 = Release|Any CPU
		{78A86A62-9079-4C43-8B96-847482D0733D}.Debug|Any CPU.ActiveCfg = Debug|Any CPU
		{78A86A62-9079-4C43-8B96-847482D0733D}.Debug|Any CPU.Build.0 = Debug|Any CPU
		{78A86A62-9079-4C43-8B96-847482D0733D}.Release|Any CPU.ActiveCfg = Release|Any CPU
		{78A86A62-9079-4C43-8B96-847482D0733D}.Release|Any CPU.Build.0 = Release|Any CPU
	EndGlobalSection
	GlobalSection(SolutionProperties) = preSolution
		HideSolutionNode = FALSE
	EndGlobalSection
	GlobalSection(ExtensibilityGlobals) = postSolution
		SolutionGuid = {6F1D2A9D-0015-4198-BB76-6E680FF5D2E9}
	EndGlobalSection
EndGlobal
